
Microsoft Visual Studio Solution File, Format Version 12.00
# Visual Studio Version 17
VisualStudioVersion = 17.7.34031.279
MinimumVisualStudioVersion = 10.0.40219.1
Project("{FAE04EC0-301F-11D3-BF4B-00C04F79EFBC}") = "P_12", "P_12\P_12.csproj", "{D0449BC6-A1C0-486A-9FF4-F3C513C35AA5}"
EndProject
Global
	GlobalSection(SolutionConfigurationPlatforms) = preSolution
		Debug|Any CPU = Debug|Any CPU
		Release|Any CPU = Release|Any CPU
	EndGlobalSection
	GlobalSection(ProjectConfigurationPlatforms) = postSolution
		{D0449BC6-A1C0-486A-9FF4-F3C513C35AA5}.Debug|Any CPU.ActiveCfg = Debug|Any CPU
		{D0449BC6-A1C0-486A-9FF4-F3C513C35AA5}.Debug|Any CPU.Build.0 = Debug|Any CPU
		{D0449BC6-A1C0-486A-9FF4-F3C513C35AA5}.Release|Any CPU.ActiveCfg = Release|Any CPU
		{D0449BC6-A1C0-486A-9FF4-F3C513C35AA5}.Release|Any CPU.Build.0 = Release|Any CPU
	EndGlobalSection
	GlobalSection(SolutionProperties) = preSolution
		HideSolutionNode = FALSE
	EndGlobalSection
	GlobalSection(ExtensibilityGlobals) = postSolution
		SolutionGuid = {CAB27185-1843-45BE-8F75-FB7D825977C1}
	EndGlobalSection
EndGlobal
